<?xml version="1.0" encoding="utf-8"?>
<Project ToolsVersion="4.0" xmlns="http://schemas.microsoft.com/developer/msbuild/2003">
  <ItemGroup>
    <Filter Include="Engine">
      <UniqueIdentifier>{fc88314d-fe0d-492f-bb2e-dfdbe45ca0d7}</UniqueIdentifier>
    </Filter>
    <Filter Include="Engine\Window">
      <UniqueIdentifier>{9db44389-bffb-4a64-842f-a8add6e3e448}</UniqueIdentifier>
    </Filter>
    <Filter Include="Engine\Events">
      <UniqueIdentifier>{13ffc4ed-a18b-48cb-9431-fc3c3355bbe0}</UniqueIdentifier>
    </Filter>
    <Filter Include="Engine\Logger">
      <UniqueIdentifier>{ddc92559-1761-4a82-a521-6c057bde0b10}</UniqueIdentifier>
    </Filter>
    <Filter Include="Engine\Events\Keyboard">
      <UniqueIdentifier>{3ca26670-0634-4a82-966a-39ca8d0b744a}</UniqueIdentifier>
    </Filter>
    <Filter Include="Engine\Events\Mouse">
      <UniqueIdentifier>{afaa0339-26e3-4ac2-876e-1906e0db83b8}</UniqueIdentifier>
    </Filter>
    <Filter Include="Engine\Graphics">
      <UniqueIdentifier>{ae668f7e-af03-48c3-90ca-84a57c7fd883}</UniqueIdentifier>
    </Filter>
    <Filter Include="Engine\Graphics\Shaders">
      <UniqueIdentifier>{53c96c43-1e66-4a0c-a075-232a04295f2a}</UniqueIdentifier>
    </Filter>
    <Filter Include="Engine\Graphics\Buffers">
      <UniqueIdentifier>{44fe7e2a-37a7-4c2f-a575-7be38cd92086}</UniqueIdentifier>
    </Filter>
    <Filter Include="Engine\Graphics\VideoCard">
      <UniqueIdentifier>{d590bb73-ab85-4227-8108-79b1b019b259}</UniqueIdentifier>
    </Filter>
    <Filter Include="Engine\Graphics\Main">
      <UniqueIdentifier>{9029e56f-6672-490e-b078-9c31d75f2667}</UniqueIdentifier>
    </Filter>
    <Filter Include="Engine\Main">
      <UniqueIdentifier>{a8447dba-743b-4efc-9d23-8369f7d8c309}</UniqueIdentifier>
    </Filter>
    <Filter Include="ShaderFiles">
      <UniqueIdentifier>{1593e11a-9e75-42b2-9830-c0a623a119d4}</UniqueIdentifier>
    </Filter>
  </ItemGroup>
  <ItemGroup>
    <ClCompile Include="Main.cpp" />
    <ClCompile Include="StringConverter.cpp">
      <Filter>Engine\Logger</Filter>
    </ClCompile>
    <ClCompile Include="Logger.cpp">
      <Filter>Engine\Logger</Filter>
    </ClCompile>
    <ClCompile Include="RenderWindow.cpp">
      <Filter>Engine\Window</Filter>
    </ClCompile>
    <ClCompile Include="WindowContainer.cpp">
      <Filter>Engine\Window</Filter>
    </ClCompile>
    <ClCompile Include="Keyboard.cpp">
      <Filter>Engine\Events\Keyboard</Filter>
    </ClCompile>
    <ClCompile Include="KeyboardEvent.cpp">
      <Filter>Engine\Events\Keyboard</Filter>
    </ClCompile>
    <ClCompile Include="Mouse.cpp">
      <Filter>Engine\Events\Mouse</Filter>
    </ClCompile>
    <ClCompile Include="MouseEvent.cpp">
      <Filter>Engine\Events\Mouse</Filter>
    </ClCompile>
    <ClCompile Include="Shaders.cpp">
      <Filter>Engine\Graphics\Shaders</Filter>
    </ClCompile>
    <ClCompile Include="Vertex.cpp">
      <Filter>Engine\Graphics\Buffers</Filter>
    </ClCompile>
    <ClCompile Include="AdapterReader.cpp">
      <Filter>Engine\Graphics\VideoCard</Filter>
    </ClCompile>
    <ClCompile Include="Graphics.cpp">
      <Filter>Engine\Graphics\Main</Filter>
    </ClCompile>
    <ClCompile Include="Engine.cpp">
      <Filter>Engine\Main</Filter>
    </ClCompile>
  </ItemGroup>
  <ItemGroup>
    <ClInclude Include="StringConverter.h">
      <Filter>Engine\Logger</Filter>
    </ClInclude>
    <ClInclude Include="Logger.h">
      <Filter>Engine\Logger</Filter>
    </ClInclude>
    <ClInclude Include="RenderWindow.h">
      <Filter>Engine\Window</Filter>
    </ClInclude>
    <ClInclude Include="WindowContainer.h">
      <Filter>Engine\Window</Filter>
    </ClInclude>
    <ClInclude Include="KeyboardEvent.h">
      <Filter>Engine\Events\Keyboard</Filter>
    </ClInclude>
    <ClInclude Include="Keyboard.h">
      <Filter>Engine\Events\Keyboard</Filter>
    </ClInclude>
    <ClInclude Include="Mouse.h">
      <Filter>Engine\Events\Mouse</Filter>
    </ClInclude>
    <ClInclude Include="MouseEvent.h">
      <Filter>Engine\Events\Mouse</Filter>
    </ClInclude>
    <ClInclude Include="Shaders.h">
      <Filter>Engine\Graphics\Shaders</Filter>
    </ClInclude>
    <ClInclude Include="VertexBuffer.h">
      <Filter>Engine\Graphics\Buffers</Filter>
    </ClInclude>
    <ClInclude Include="Vertex.h">
      <Filter>Engine\Graphics\Buffers</Filter>
    </ClInclude>
    <ClInclude Include="AdapterReader.h">
      <Filter>Engine\Graphics\VideoCard</Filter>
    </ClInclude>
    <ClInclude Include="Graphics.h">
      <Filter>Engine\Graphics\Main</Filter>
    </ClInclude>
    <ClInclude Include="Engine.h">
      <Filter>Engine\Main</Filter>
    </ClInclude>
    <ClInclude Include="IndexBuffer.h">
      <Filter>Engine\Graphics\Buffers</Filter>
    </ClInclude>
    <ClInclude Include="ConstantBufferTypes.h">
      <Filter>Engine\Graphics\Buffers</Filter>
    </ClInclude>
    <ClInclude Include="ConstantBuffer.h">
      <Filter>Engine\Graphics\Buffers</Filter>
    </ClInclude>
  </ItemGroup>
  <ItemGroup>
    <FxCompile Include="Debug\Shaders\vertexshader.hlsl">
      <Filter>ShaderFiles</Filter>
    </FxCompile>
    <FxCompile Include="Debug\Shaders\pixelshader.hlsl">
      <Filter>ShaderFiles</Filter>
    </FxCompile>
  </ItemGroup>
</Project>